
Microsoft Visual Studio Solution File, Format Version 12.00
# Visual Studio Version 17
VisualStudioVersion = 17.1.32328.378
MinimumVisualStudioVersion = 10.0.40219.1
Project("{FAE04EC0-301F-11D3-BF4B-00C04F79EFBC}") = "Class02.Exercise.Main", "Class02.Exercise.Main\Class02.Exercise.Main.csproj", "{CA33851E-A592-4BEC-BF83-260B3507BCC8}"
EndProject
Global
	GlobalSection(SolutionConfigurationPlatforms) = preSolution
		Debug|Any CPU = Debug|Any CPU
		Release|Any CPU = Release|Any CPU
	EndGlobalSection
	GlobalSection(ProjectConfigurationPlatforms) = postSolution
		{CA33851E-A592-4BEC-BF83-260B3507BCC8}.Debug|Any CPU.ActiveCfg = Debug|Any CPU
		{CA33851E-A592-4BEC-BF83-260B3507BCC8}.Debug|Any CPU.Build.0 = Debug|Any CPU
		{CA33851E-A592-4BEC-BF83-260B3507BCC8}.Release|Any CPU.ActiveCfg = Release|Any CPU
		{CA33851E-A592-4BEC-BF83-260B3507BCC8}.Release|Any CPU.Build.0 = Release|Any CPU
	EndGlobalSection
	GlobalSection(SolutionProperties) = preSolution
		HideSolutionNode = FALSE
	EndGlobalSection
	GlobalSection(ExtensibilityGlobals) = postSolution
		SolutionGuid = {6D215468-DB9A-4680-AE12-CBFD5EAE327D}
	EndGlobalSection
EndGlobal
