
Microsoft Visual Studio Solution File, Format Version 12.00
# Visual Studio Version 17
VisualStudioVersion = 17.1.32328.378
MinimumVisualStudioVersion = 10.0.40219.1
Project("{FAE04EC0-301F-11D3-BF4B-00C04F79EFBC}") = "MainApp", "MainApp\MainApp.csproj", "{B0C1C807-D8D6-4CCD-BA91-C0D1C4C50AE0}"
EndProject
Project("{FAE04EC0-301F-11D3-BF4B-00C04F79EFBC}") = "Enteties", "Enteties\Enteties.csproj", "{C9330F22-6663-4F9D-A4A8-44D374C0DF2F}"
EndProject
Project("{FAE04EC0-301F-11D3-BF4B-00C04F79EFBC}") = "Interfacess", "Interfacess\Interfacess.csproj", "{B60E46BF-F95E-4E6B-9147-C6ED9021B624}"
EndProject
Global
	GlobalSection(SolutionConfigurationPlatforms) = preSolution
		Debug|Any CPU = Debug|Any CPU
		Release|Any CPU = Release|Any CPU
	EndGlobalSection
	GlobalSection(ProjectConfigurationPlatforms) = postSolution
		{B0C1C807-D8D6-4CCD-BA91-C0D1C4C50AE0}.Debug|Any CPU.ActiveCfg = Debug|Any CPU
		{B0C1C807-D8D6-4CCD-BA91-C0D1C4C50AE0}.Debug|Any CPU.Build.0 = Debug|Any CPU
		{B0C1C807-D8D6-4CCD-BA91-C0D1C4C50AE0}.Release|Any CPU.ActiveCfg = Release|Any CPU
		{B0C1C807-D8D6-4CCD-BA91-C0D1C4C50AE0}.Release|Any CPU.Build.0 = Release|Any CPU
		{C9330F22-6663-4F9D-A4A8-44D374C0DF2F}.Debug|Any CPU.ActiveCfg = Debug|Any CPU
		{C9330F22-6663-4F9D-A4A8-44D374C0DF2F}.Debug|Any CPU.Build.0 = Debug|Any CPU
		{C9330F22-6663-4F9D-A4A8-44D374C0DF2F}.Release|Any CPU.ActiveCfg = Release|Any CPU
		{C9330F22-6663-4F9D-A4A8-44D374C0DF2F}.Release|Any CPU.Build.0 = Release|Any CPU
		{B60E46BF-F95E-4E6B-9147-C6ED9021B624}.Debug|Any CPU.ActiveCfg = Debug|Any CPU
		{B60E46BF-F95E-4E6B-9147-C6ED9021B624}.Debug|Any CPU.Build.0 = Debug|Any CPU
		{B60E46BF-F95E-4E6B-9147-C6ED9021B624}.Release|Any CPU.ActiveCfg = Release|Any CPU
		{B60E46BF-F95E-4E6B-9147-C6ED9021B624}.Release|Any CPU.Build.0 = Release|Any CPU
	EndGlobalSection
	GlobalSection(SolutionProperties) = preSolution
		HideSolutionNode = FALSE
	EndGlobalSection
	GlobalSection(ExtensibilityGlobals) = postSolution
		SolutionGuid = {47632627-D56C-4DDE-8185-F000BDF590EB}
	EndGlobalSection
EndGlobal
