
Microsoft Visual Studio Solution File, Format Version 12.00
# Visual Studio Version 17
VisualStudioVersion = 17.1.32328.378
MinimumVisualStudioVersion = 10.0.40219.1
Project("{FAE04EC0-301F-11D3-BF4B-00C04F79EFBC}") = "Reflecting", "Reflecting\Reflecting.csproj", "{C008FA77-1D67-42CC-B8CC-182E084BB192}"
EndProject
Project("{FAE04EC0-301F-11D3-BF4B-00C04F79EFBC}") = "MakingAttributes", "MakingAttributes\MakingAttributes.csproj", "{C84BF906-ECD9-46B3-9AB5-08F946226279}"
EndProject
Global
	GlobalSection(SolutionConfigurationPlatforms) = preSolution
		Debug|Any CPU = Debug|Any CPU
		Release|Any CPU = Release|Any CPU
	EndGlobalSection
	GlobalSection(ProjectConfigurationPlatforms) = postSolution
		{C008FA77-1D67-42CC-B8CC-182E084BB192}.Debug|Any CPU.ActiveCfg = Debug|Any CPU
		{C008FA77-1D67-42CC-B8CC-182E084BB192}.Debug|Any CPU.Build.0 = Debug|Any CPU
		{C008FA77-1D67-42CC-B8CC-182E084BB192}.Release|Any CPU.ActiveCfg = Release|Any CPU
		{C008FA77-1D67-42CC-B8CC-182E084BB192}.Release|Any CPU.Build.0 = Release|Any CPU
		{C84BF906-ECD9-46B3-9AB5-08F946226279}.Debug|Any CPU.ActiveCfg = Debug|Any CPU
		{C84BF906-ECD9-46B3-9AB5-08F946226279}.Debug|Any CPU.Build.0 = Debug|Any CPU
		{C84BF906-ECD9-46B3-9AB5-08F946226279}.Release|Any CPU.ActiveCfg = Release|Any CPU
		{C84BF906-ECD9-46B3-9AB5-08F946226279}.Release|Any CPU.Build.0 = Release|Any CPU
	EndGlobalSection
	GlobalSection(SolutionProperties) = preSolution
		HideSolutionNode = FALSE
	EndGlobalSection
	GlobalSection(ExtensibilityGlobals) = postSolution
		SolutionGuid = {8CB1E7BE-939D-4ED7-99EC-9DDF8145D701}
	EndGlobalSection
EndGlobal
